
Microsoft Visual Studio Solution File, Format Version 12.00
# Visual Studio Version 16
VisualStudioVersion = 16.0.31402.337
MinimumVisualStudioVersion = 10.0.40219.1
Project("{FAE04EC0-301F-11D3-BF4B-00C04F79EFBC}") = "Xamarin.Forms.Utils.UWP", "Xamarin.Forms.Utils.UWP\Xamarin.Forms.Utils.UWP.csproj", "{D0967A6D-3024-41E2-81DD-5DB65A6C6ADD}"
EndProject
Project("{FAE04EC0-301F-11D3-BF4B-00C04F79EFBC}") = "Xamarin.Forms.Utils.Android", "Xamarin.Forms.Utils.Android\Xamarin.Forms.Utils.Android.csproj", "{85D7ECA8-5696-4602-B05A-3435AE703545}"
EndProject
Project("{FAE04EC0-301F-11D3-BF4B-00C04F79EFBC}") = "Xamarin.Forms.Utils.iOS", "Xamarin.Forms.Utils.iOS\Xamarin.Forms.Utils.iOS.csproj", "{069B377C-6735-4460-B539-6FC2B5CAD399}"
EndProject
Project("{9A19103F-16F7-4668-BE54-9A1E7A4F7556}") = "Xamarin.Forms.Utils", "Xamarin.Forms.Utils\Xamarin.Forms.Utils.csproj", "{46FAE2CB-2453-44F4-BCFB-9493467381DE}"
EndProject
Project("{2150E333-8FDC-42A3-9474-1A3956D46DE8}") = "Solution Items", "Solution Items", "{AE3DB1D7-8656-4895-B813-9A35AECDC73A}"
	ProjectSection(SolutionItems) = preProject
		.editorconfig = .editorconfig
	EndProjectSection
EndProject
Global
	GlobalSection(SolutionConfigurationPlatforms) = preSolution
		Debug|Any CPU = Debug|Any CPU
		Debug|ARM = Debug|ARM
		Debug|iPhone = Debug|iPhone
		Debug|iPhoneSimulator = Debug|iPhoneSimulator
		Debug|x64 = Debug|x64
		Debug|x86 = Debug|x86
		Release|Any CPU = Release|Any CPU
		Release|ARM = Release|ARM
		Release|iPhone = Release|iPhone
		Release|iPhoneSimulator = Release|iPhoneSimulator
		Release|x64 = Release|x64
		Release|x86 = Release|x86
	EndGlobalSection
	GlobalSection(ProjectConfigurationPlatforms) = postSolution
		{D0967A6D-3024-41E2-81DD-5DB65A6C6ADD}.Debug|Any CPU.ActiveCfg = Debug|x86
		{D0967A6D-3024-41E2-81DD-5DB65A6C6ADD}.Debug|Any CPU.Build.0 = Debug|x86
		{D0967A6D-3024-41E2-81DD-5DB65A6C6ADD}.Debug|Any CPU.Deploy.0 = Debug|x86
		{D0967A6D-3024-41E2-81DD-5DB65A6C6ADD}.Debug|ARM.ActiveCfg = Debug|ARM
		{D0967A6D-3024-41E2-81DD-5DB65A6C6ADD}.Debug|ARM.Build.0 = Debug|ARM
		{D0967A6D-3024-41E2-81DD-5DB65A6C6ADD}.Debug|ARM.Deploy.0 = Debug|ARM
		{D0967A6D-3024-41E2-81DD-5DB65A6C6ADD}.Debug|iPhone.ActiveCfg = Debug|x86
		{D0967A6D-3024-41E2-81DD-5DB65A6C6ADD}.Debug|iPhone.Build.0 = Debug|x86
		{D0967A6D-3024-41E2-81DD-5DB65A6C6ADD}.Debug|iPhone.Deploy.0 = Debug|x86
		{D0967A6D-3024-41E2-81DD-5DB65A6C6ADD}.Debug|iPhoneSimulator.ActiveCfg = Debug|x86
		{D0967A6D-3024-41E2-81DD-5DB65A6C6ADD}.Debug|iPhoneSimulator.Build.0 = Debug|x86
		{D0967A6D-3024-41E2-81DD-5DB65A6C6ADD}.Debug|iPhoneSimulator.Deploy.0 = Debug|x86
		{D0967A6D-3024-41E2-81DD-5DB65A6C6ADD}.Debug|x64.ActiveCfg = Debug|x64
		{D0967A6D-3024-41E2-81DD-5DB65A6C6ADD}.Debug|x64.Build.0 = Debug|x64
		{D0967A6D-3024-41E2-81DD-5DB65A6C6ADD}.Debug|x64.Deploy.0 = Debug|x64
		{D0967A6D-3024-41E2-81DD-5DB65A6C6ADD}.Debug|x86.ActiveCfg = Debug|x86
		{D0967A6D-3024-41E2-81DD-5DB65A6C6ADD}.Debug|x86.Build.0 = Debug|x86
		{D0967A6D-3024-41E2-81DD-5DB65A6C6ADD}.Debug|x86.Deploy.0 = Debug|x86
		{D0967A6D-3024-41E2-81DD-5DB65A6C6ADD}.Release|Any CPU.ActiveCfg = Release|x86
		{D0967A6D-3024-41E2-81DD-5DB65A6C6ADD}.Release|Any CPU.Build.0 = Release|x86
		{D0967A6D-3024-41E2-81DD-5DB65A6C6ADD}.Release|Any CPU.Deploy.0 = Release|x86
		{D0967A6D-3024-41E2-81DD-5DB65A6C6ADD}.Release|ARM.ActiveCfg = Release|ARM
		{D0967A6D-3024-41E2-81DD-5DB65A6C6ADD}.Release|ARM.Build.0 = Release|ARM
		{D0967A6D-3024-41E2-81DD-5DB65A6C6ADD}.Release|ARM.Deploy.0 = Release|ARM
		{D0967A6D-3024-41E2-81DD-5DB65A6C6ADD}.Release|iPhone.ActiveCfg = Release|x86
		{D0967A6D-3024-41E2-81DD-5DB65A6C6ADD}.Release|iPhone.Build.0 = Release|x86
		{D0967A6D-3024-41E2-81DD-5DB65A6C6ADD}.Release|iPhone.Deploy.0 = Release|x86
		{D0967A6D-3024-41E2-81DD-5DB65A6C6ADD}.Release|iPhoneSimulator.ActiveCfg = Release|x86
		{D0967A6D-3024-41E2-81DD-5DB65A6C6ADD}.Release|iPhoneSimulator.Build.0 = Release|x86
		{D0967A6D-3024-41E2-81DD-5DB65A6C6ADD}.Release|iPhoneSimulator.Deploy.0 = Release|x86
		{D0967A6D-3024-41E2-81DD-5DB65A6C6ADD}.Release|x64.ActiveCfg = Release|x64
		{D0967A6D-3024-41E2-81DD-5DB65A6C6ADD}.Release|x64.Build.0 = Release|x64
		{D0967A6D-3024-41E2-81DD-5DB65A6C6ADD}.Release|x64.Deploy.0 = Release|x64
		{D0967A6D-3024-41E2-81DD-5DB65A6C6ADD}.Release|x86.ActiveCfg = Release|x86
		{D0967A6D-3024-41E2-81DD-5DB65A6C6ADD}.Release|x86.Build.0 = Release|x86
		{D0967A6D-3024-41E2-81DD-5DB65A6C6ADD}.Release|x86.Deploy.0 = Release|x86
		{85D7ECA8-5696-4602-B05A-3435AE703545}.Debug|Any CPU.ActiveCfg = Debug|Any CPU
		{85D7ECA8-5696-4602-B05A-3435AE703545}.Debug|Any CPU.Build.0 = Debug|Any CPU
		{85D7ECA8-5696-4602-B05A-3435AE703545}.Debug|Any CPU.Deploy.0 = Debug|Any CPU
		{85D7ECA8-5696-4602-B05A-3435AE703545}.Debug|ARM.ActiveCfg = Debug|Any CPU
		{85D7ECA8-5696-4602-B05A-3435AE703545}.Debug|ARM.Build.0 = Debug|Any CPU
		{85D7ECA8-5696-4602-B05A-3435AE703545}.Debug|ARM.Deploy.0 = Debug|Any CPU
		{85D7ECA8-5696-4602-B05A-3435AE703545}.Debug|iPhone.ActiveCfg = Debug|Any CPU
		{85D7ECA8-5696-4602-B05A-3435AE703545}.Debug|iPhone.Build.0 = Debug|Any CPU
		{85D7ECA8-5696-4602-B05A-3435AE703545}.Debug|iPhone.Deploy.0 = Debug|Any CPU
		{85D7ECA8-5696-4602-B05A-3435AE703545}.Debug|iPhoneSimulator.ActiveCfg = Debug|Any CPU
		{85D7ECA8-5696-4602-B05A-3435AE703545}.Debug|iPhoneSimulator.Build.0 = Debug|Any CPU
		{85D7ECA8-5696-4602-B05A-3435AE703545}.Debug|iPhoneSimulator.Deploy.0 = Debug|Any CPU
		{85D7ECA8-5696-4602-B05A-3435AE703545}.Debug|x64.ActiveCfg = Debug|Any CPU
		{85D7ECA8-5696-4602-B05A-3435AE703545}.Debug|x64.Build.0 = Debug|Any CPU
		{85D7ECA8-5696-4602-B05A-3435AE703545}.Debug|x64.Deploy.0 = Debug|Any CPU
		{85D7ECA8-5696-4602-B05A-3435AE703545}.Debug|x86.ActiveCfg = Debug|Any CPU
		{85D7ECA8-5696-4602-B05A-3435AE703545}.Debug|x86.Build.0 = Debug|Any CPU
		{85D7ECA8-5696-4602-B05A-3435AE703545}.Debug|x86.Deploy.0 = Debug|Any CPU
		{85D7ECA8-5696-4602-B05A-3435AE703545}.Release|Any CPU.ActiveCfg = Release|Any CPU
		{85D7ECA8-5696-4602-B05A-3435AE703545}.Release|Any CPU.Build.0 = Release|Any CPU
		{85D7ECA8-5696-4602-B05A-3435AE703545}.Release|Any CPU.Deploy.0 = Release|Any CPU
		{85D7ECA8-5696-4602-B05A-3435AE703545}.Release|ARM.ActiveCfg = Release|Any CPU
		{85D7ECA8-5696-4602-B05A-3435AE703545}.Release|ARM.Build.0 = Release|Any CPU
		{85D7ECA8-5696-4602-B05A-3435AE703545}.Release|ARM.Deploy.0 = Release|Any CPU
		{85D7ECA8-5696-4602-B05A-3435AE703545}.Release|iPhone.ActiveCfg = Release|Any CPU
		{85D7ECA8-5696-4602-B05A-3435AE703545}.Release|iPhone.Build.0 = Release|Any CPU
		{85D7ECA8-5696-4602-B05A-3435AE703545}.Release|iPhone.Deploy.0 = Release|Any CPU
		{85D7ECA8-5696-4602-B05A-3435AE703545}.Release|iPhoneSimulator.ActiveCfg = Release|Any CPU
		{85D7ECA8-5696-4602-B05A-3435AE703545}.Release|iPhoneSimulator.Build.0 = Release|Any CPU
		{85D7ECA8-5696-4602-B05A-3435AE703545}.Release|iPhoneSimulator.Deploy.0 = Release|Any CPU
		{85D7ECA8-5696-4602-B05A-3435AE703545}.Release|x64.ActiveCfg = Release|Any CPU
		{85D7ECA8-5696-4602-B05A-3435AE703545}.Release|x64.Build.0 = Release|Any CPU
		{85D7ECA8-5696-4602-B05A-3435AE703545}.Release|x64.Deploy.0 = Release|Any CPU
		{85D7ECA8-5696-4602-B05A-3435AE703545}.Release|x86.ActiveCfg = Release|Any CPU
		{85D7ECA8-5696-4602-B05A-3435AE703545}.Release|x86.Build.0 = Release|Any CPU
		{85D7ECA8-5696-4602-B05A-3435AE703545}.Release|x86.Deploy.0 = Release|Any CPU
		{069B377C-6735-4460-B539-6FC2B5CAD399}.Debug|Any CPU.ActiveCfg = Debug|iPhoneSimulator
		{069B377C-6735-4460-B539-6FC2B5CAD399}.Debug|Any CPU.Build.0 = Debug|iPhoneSimulator
		{069B377C-6735-4460-B539-6FC2B5CAD399}.Debug|Any CPU.Deploy.0 = Debug|iPhoneSimulator
		{069B377C-6735-4460-B539-6FC2B5CAD399}.Debug|ARM.ActiveCfg = Debug|iPhone
		{069B377C-6735-4460-B539-6FC2B5CAD399}.Debug|ARM.Build.0 = Debug|iPhone
		{069B377C-6735-4460-B539-6FC2B5CAD399}.Debug|ARM.Deploy.0 = Debug|iPhone
		{069B377C-6735-4460-B539-6FC2B5CAD399}.Debug|iPhone.ActiveCfg = Debug|iPhone
		{069B377C-6735-4460-B539-6FC2B5CAD399}.Debug|iPhone.Build.0 = Debug|iPhone
		{069B377C-6735-4460-B539-6FC2B5CAD399}.Debug|iPhone.Deploy.0 = Debug|iPhone
		{069B377C-6735-4460-B539-6FC2B5CAD399}.Debug|iPhoneSimulator.ActiveCfg = Debug|iPhoneSimulator
		{069B377C-6735-4460-B539-6FC2B5CAD399}.Debug|iPhoneSimulator.Build.0 = Debug|iPhoneSimulator
		{069B377C-6735-4460-B539-6FC2B5CAD399}.Debug|iPhoneSimulator.Deploy.0 = Debug|iPhoneSimulator
		{069B377C-6735-4460-B539-6FC2B5CAD399}.Debug|x64.ActiveCfg = Debug|iPhoneSimulator
		{069B377C-6735-4460-B539-6FC2B5CAD399}.Debug|x64.Build.0 = Debug|iPhoneSimulator
		{069B377C-6735-4460-B539-6FC2B5CAD399}.Debug|x64.Deploy.0 = Debug|iPhoneSimulator
		{069B377C-6735-4460-B539-6FC2B5CAD399}.Debug|x86.ActiveCfg = Debug|iPhoneSimulator
		{069B377C-6735-4460-B539-6FC2B5CAD399}.Debug|x86.Build.0 = Debug|iPhoneSimulator
		{069B377C-6735-4460-B539-6FC2B5CAD399}.Debug|x86.Deploy.0 = Debug|iPhoneSimulator
		{069B377C-6735-4460-B539-6FC2B5CAD399}.Release|Any CPU.ActiveCfg = Release|iPhoneSimulator
		{069B377C-6735-4460-B539-6FC2B5CAD399}.Release|Any CPU.Build.0 = Release|iPhoneSimulator
		{069B377C-6735-4460-B539-6FC2B5CAD399}.Release|Any CPU.Deploy.0 = Release|iPhoneSimulator
		{069B377C-6735-4460-B539-6FC2B5CAD399}.Release|ARM.ActiveCfg = Release|iPhoneSimulator
		{069B377C-6735-4460-B539-6FC2B5CAD399}.Release|ARM.Build.0 = Release|iPhoneSimulator
		{069B377C-6735-4460-B539-6FC2B5CAD399}.Release|ARM.Deploy.0 = Release|iPhoneSimulator
		{069B377C-6735-4460-B539-6FC2B5CAD399}.Release|iPhone.ActiveCfg = Release|iPhone
		{069B377C-6735-4460-B539-6FC2B5CAD399}.Release|iPhone.Build.0 = Release|iPhone
		{069B377C-6735-4460-B539-6FC2B5CAD399}.Release|iPhone.Deploy.0 = Release|iPhone
		{069B377C-6735-4460-B539-6FC2B5CAD399}.Release|iPhoneSimulator.ActiveCfg = Release|iPhoneSimulator
		{069B377C-6735-4460-B539-6FC2B5CAD399}.Release|iPhoneSimulator.Build.0 = Release|iPhoneSimulator
		{069B377C-6735-4460-B539-6FC2B5CAD399}.Release|iPhoneSimulator.Deploy.0 = Release|iPhoneSimulator
		{069B377C-6735-4460-B539-6FC2B5CAD399}.Release|x64.ActiveCfg = Release|iPhoneSimulator
		{069B377C-6735-4460-B539-6FC2B5CAD399}.Release|x64.Build.0 = Release|iPhoneSimulator
		{069B377C-6735-4460-B539-6FC2B5CAD399}.Release|x64.Deploy.0 = Release|iPhoneSimulator
		{069B377C-6735-4460-B539-6FC2B5CAD399}.Release|x86.ActiveCfg = Release|iPhoneSimulator
		{069B377C-6735-4460-B539-6FC2B5CAD399}.Release|x86.Build.0 = Release|iPhoneSimulator
		{069B377C-6735-4460-B539-6FC2B5CAD399}.Release|x86.Deploy.0 = Release|iPhoneSimulator
		{46FAE2CB-2453-44F4-BCFB-9493467381DE}.Debug|Any CPU.ActiveCfg = Debug|Any CPU
		{46FAE2CB-2453-44F4-BCFB-9493467381DE}.Debug|Any CPU.Build.0 = Debug|Any CPU
		{46FAE2CB-2453-44F4-BCFB-9493467381DE}.Debug|Any CPU.Deploy.0 = Debug|Any CPU
		{46FAE2CB-2453-44F4-BCFB-9493467381DE}.Debug|ARM.ActiveCfg = Debug|Any CPU
		{46FAE2CB-2453-44F4-BCFB-9493467381DE}.Debug|ARM.Build.0 = Debug|Any CPU
		{46FAE2CB-2453-44F4-BCFB-9493467381DE}.Debug|ARM.Deploy.0 = Debug|Any CPU
		{46FAE2CB-2453-44F4-BCFB-9493467381DE}.Debug|iPhone.ActiveCfg = Debug|Any CPU
		{46FAE2CB-2453-44F4-BCFB-9493467381DE}.Debug|iPhone.Build.0 = Debug|Any CPU
		{46FAE2CB-2453-44F4-BCFB-9493467381DE}.Debug|iPhone.Deploy.0 = Debug|Any CPU
		{46FAE2CB-2453-44F4-BCFB-9493467381DE}.Debug|iPhoneSimulator.ActiveCfg = Debug|Any CPU
		{46FAE2CB-2453-44F4-BCFB-9493467381DE}.Debug|iPhoneSimulator.Build.0 = Debug|Any CPU
		{46FAE2CB-2453-44F4-BCFB-9493467381DE}.Debug|iPhoneSimulator.Deploy.0 = Debug|Any CPU
		{46FAE2CB-2453-44F4-BCFB-9493467381DE}.Debug|x64.ActiveCfg = Debug|Any CPU
		{46FAE2CB-2453-44F4-BCFB-9493467381DE}.Debug|x64.Build.0 = Debug|Any CPU
		{46FAE2CB-2453-44F4-BCFB-9493467381DE}.Debug|x64.Deploy.0 = Debug|Any CPU
		{46FAE2CB-2453-44F4-BCFB-9493467381DE}.Debug|x86.ActiveCfg = Debug|Any CPU
		{46FAE2CB-2453-44F4-BCFB-9493467381DE}.Debug|x86.Build.0 = Debug|Any CPU
		{46FAE2CB-2453-44F4-BCFB-9493467381DE}.Debug|x86.Deploy.0 = Debug|Any CPU
		{46FAE2CB-2453-44F4-BCFB-9493467381DE}.Release|Any CPU.ActiveCfg = Release|Any CPU
		{46FAE2CB-2453-44F4-BCFB-9493467381DE}.Release|Any CPU.Build.0 = Release|Any CPU
		{46FAE2CB-2453-44F4-BCFB-9493467381DE}.Release|Any CPU.Deploy.0 = Release|Any CPU
		{46FAE2CB-2453-44F4-BCFB-9493467381DE}.Release|ARM.ActiveCfg = Release|Any CPU
		{46FAE2CB-2453-44F4-BCFB-9493467381DE}.Release|ARM.Build.0 = Release|Any CPU
		{46FAE2CB-2453-44F4-BCFB-9493467381DE}.Release|ARM.Deploy.0 = Release|Any CPU
		{46FAE2CB-2453-44F4-BCFB-9493467381DE}.Release|iPhone.ActiveCfg = Release|Any CPU
		{46FAE2CB-2453-44F4-BCFB-9493467381DE}.Release|iPhone.Build.0 = Release|Any CPU
		{46FAE2CB-2453-44F4-BCFB-9493467381DE}.Release|iPhone.Deploy.0 = Release|Any CPU
		{46FAE2CB-2453-44F4-BCFB-9493467381DE}.Release|iPhoneSimulator.ActiveCfg = Release|Any CPU
		{46FAE2CB-2453-44F4-BCFB-9493467381DE}.Release|iPhoneSimulator.Build.0 = Release|Any CPU
		{46FAE2CB-2453-44F4-BCFB-9493467381DE}.Release|iPhoneSimulator.Deploy.0 = Release|Any CPU
		{46FAE2CB-2453-44F4-BCFB-9493467381DE}.Release|x64.ActiveCfg = Release|Any CPU
		{46FAE2CB-2453-44F4-BCFB-9493467381DE}.Release|x64.Build.0 = Release|Any CPU
		{46FAE2CB-2453-44F4-BCFB-9493467381DE}.Release|x64.Deploy.0 = Release|Any CPU
		{46FAE2CB-2453-44F4-BCFB-9493467381DE}.Release|x86.ActiveCfg = Release|Any CPU
		{46FAE2CB-2453-44F4-BCFB-9493467381DE}.Release|x86.Build.0 = Release|Any CPU
		{46FAE2CB-2453-44F4-BCFB-9493467381DE}.Release|x86.Deploy.0 = Release|Any CPU
	EndGlobalSection
	GlobalSection(SolutionProperties) = preSolution
		HideSolutionNode = FALSE
	EndGlobalSection
	GlobalSection(ExtensibilityGlobals) = postSolution
		SolutionGuid = {66E89B3B-D156-42FA-BB34-7EAE9EABA8B9}
	EndGlobalSection
EndGlobal
